
Microsoft Visual Studio Solution File, Format Version 12.00
# Visual Studio Version 17
VisualStudioVersion = 17.11.35327.3
MinimumVisualStudioVersion = 10.0.40219.1
Project("{8BC9CEB8-8B4A-11D0-8D11-00A0C91BC942}") = "barkingdoggg", "barkingdoggg\barkingdoggg.vcxproj", "{13DEFF9F-FACF-4F77-8177-6059EA579520}"
EndProject
Global
	GlobalSection(SolutionConfigurationPlatforms) = preSolution
		Debug|x64 = Debug|x64
		Debug|x86 = Debug|x86
		Release|x64 = Release|x64
		Release|x86 = Release|x86
	EndGlobalSection
	GlobalSection(ProjectConfigurationPlatforms) = postSolution
		{13DEFF9F-FACF-4F77-8177-6059EA579520}.Debug|x64.ActiveCfg = Debug|x64
		{13DEFF9F-FACF-4F77-8177-6059EA579520}.Debug|x64.Build.0 = Debug|x64
		{13DEFF9F-FACF-4F77-8177-6059EA579520}.Debug|x86.ActiveCfg = Debug|Win32
		{13DEFF9F-FACF-4F77-8177-6059EA579520}.Debug|x86.Build.0 = Debug|Win32
		{13DEFF9F-FACF-4F77-8177-6059EA579520}.Release|x64.ActiveCfg = Release|x64
		{13DEFF9F-FACF-4F77-8177-6059EA579520}.Release|x64.Build.0 = Release|x64
		{13DEFF9F-FACF-4F77-8177-6059EA579520}.Release|x86.ActiveCfg = Release|Win32
		{13DEFF9F-FACF-4F77-8177-6059EA579520}.Release|x86.Build.0 = Release|Win32
	EndGlobalSection
	GlobalSection(SolutionProperties) = preSolution
		HideSolutionNode = FALSE
	EndGlobalSection
	GlobalSection(ExtensibilityGlobals) = postSolution
		SolutionGuid = {91D31043-FD2B-476F-82D5-BEF91CAD9E9C}
	EndGlobalSection
EndGlobal
